
Microsoft Visual Studio Solution File, Format Version 12.00
# Visual Studio Version 17
VisualStudioVersion = 17.7.34031.279
MinimumVisualStudioVersion = 10.0.40219.1
Project("{FAE04EC0-301F-11D3-BF4B-00C04F79EFBC}") = "AssistedProjects-Inheritance", "AssistedProjects-Inheritance\AssistedProjects-Inheritance.csproj", "{4DABEB7E-4296-4BB3-B329-640E88FC5E84}"
EndProject
Global
	GlobalSection(SolutionConfigurationPlatforms) = preSolution
		Debug|Any CPU = Debug|Any CPU
		Release|Any CPU = Release|Any CPU
	EndGlobalSection
	GlobalSection(ProjectConfigurationPlatforms) = postSolution
		{4DABEB7E-4296-4BB3-B329-640E88FC5E84}.Debug|Any CPU.ActiveCfg = Debug|Any CPU
		{4DABEB7E-4296-4BB3-B329-640E88FC5E84}.Debug|Any CPU.Build.0 = Debug|Any CPU
		{4DABEB7E-4296-4BB3-B329-640E88FC5E84}.Release|Any CPU.ActiveCfg = Release|Any CPU
		{4DABEB7E-4296-4BB3-B329-640E88FC5E84}.Release|Any CPU.Build.0 = Release|Any CPU
	EndGlobalSection
	GlobalSection(SolutionProperties) = preSolution
		HideSolutionNode = FALSE
	EndGlobalSection
	GlobalSection(ExtensibilityGlobals) = postSolution
		SolutionGuid = {0AB82DCE-F801-48DF-B72B-71E1D4CC2256}
	EndGlobalSection
EndGlobal
